// !$*UTF8*$!
{
	archiveVersion = 1;
	classes = {
	};
	objectVersion = 56;
	objects = {

/* Begin PBXBuildFile section */
		B22CC5D22A3CF9D0009B259C /* AppDelegate.swift in Sources */ = {isa = PBXBuildFile; fileRef = B22CC5D12A3CF9D0009B259C /* AppDelegate.swift */; };
		B22CC5D42A3CF9D0009B259C /* SceneDelegate.swift in Sources */ = {isa = PBXBuildFile; fileRef = B22CC5D32A3CF9D0009B259C /* SceneDelegate.swift */; };
		B22CC5D62A3CF9D0009B259C /* DetailsViewController.swift in Sources */ = {isa = PBXBuildFile; fileRef = B22CC5D52A3CF9D0009B259C /* DetailsViewController.swift */; };
		B22CC5DB2A3CF9D4009B259C /* Assets.xcassets in Resources */ = {isa = PBXBuildFile; fileRef = B22CC5DA2A3CF9D4009B259C /* Assets.xcassets */; };
		B22CC5DE2A3CF9D4009B259C /* LaunchScreen.storyboard in Resources */ = {isa = PBXBuildFile; fileRef = B22CC5DC2A3CF9D4009B259C /* LaunchScreen.storyboard */; };
		B22CC5E92A3CF9D5009B259C /* ToDoListTests.swift in Sources */ = {isa = PBXBuildFile; fileRef = B22CC5E82A3CF9D5009B259C /* ToDoListTests.swift */; };
		B22CC5F32A3CF9D5009B259C /* ToDoListUITests.swift in Sources */ = {isa = PBXBuildFile; fileRef = B22CC5F22A3CF9D5009B259C /* ToDoListUITests.swift */; };
		B22CC5F52A3CF9D5009B259C /* ToDoListUITestsLaunchTests.swift in Sources */ = {isa = PBXBuildFile; fileRef = B22CC5F42A3CF9D5009B259C /* ToDoListUITestsLaunchTests.swift */; };
		B22CC6022A3CF9EA009B259C /* ToDoItem.swift in Sources */ = {isa = PBXBuildFile; fileRef = B22CC6012A3CF9EA009B259C /* ToDoItem.swift */; };
		B22CC6042A3CF9FB009B259C /* FileCache.swift in Sources */ = {isa = PBXBuildFile; fileRef = B22CC6032A3CF9FA009B259C /* FileCache.swift */; };
		B22CC6062A3CFA08009B259C /* Double+Ext.swift in Sources */ = {isa = PBXBuildFile; fileRef = B22CC6052A3CFA08009B259C /* Double+Ext.swift */; };
		B22CC6082A3CFA12009B259C /* Date+Ext.swift in Sources */ = {isa = PBXBuildFile; fileRef = B22CC6072A3CFA12009B259C /* Date+Ext.swift */; };
		B22CC60A2A3CFA1F009B259C /* SystemError.swift in Sources */ = {isa = PBXBuildFile; fileRef = B22CC6092A3CFA1F009B259C /* SystemError.swift */; };
		B2EE5F962A4362B5005CB326 /* SF-Pro-Display-Regular.otf in Resources */ = {isa = PBXBuildFile; fileRef = B2EE5F942A4362B5005CB326 /* SF-Pro-Display-Regular.otf */; };
		B2EE5F972A4362B5005CB326 /* SF-Pro-Text-Regular.otf in Resources */ = {isa = PBXBuildFile; fileRef = B2EE5F952A4362B5005CB326 /* SF-Pro-Text-Regular.otf */; };
		B2EE5F9C2A4366F6005CB326 /* NoteTextView.swift in Sources */ = {isa = PBXBuildFile; fileRef = B2EE5F9B2A4366F6005CB326 /* NoteTextView.swift */; };
		B2EE5F9E2A436875005CB326 /* YandexFont.swift in Sources */ = {isa = PBXBuildFile; fileRef = B2EE5F9D2A436875005CB326 /* YandexFont.swift */; };
		B2EE5FA02A436881005CB326 /* YandexColor.swift in Sources */ = {isa = PBXBuildFile; fileRef = B2EE5F9F2A436881005CB326 /* YandexColor.swift */; };
		B2EE5FA22A436CBC005CB326 /* UIFont+Ext.swift in Sources */ = {isa = PBXBuildFile; fileRef = B2EE5FA12A436CBC005CB326 /* UIFont+Ext.swift */; };
		B2EE5FA82A441AB3005CB326 /* DeleteButton.swift in Sources */ = {isa = PBXBuildFile; fileRef = B2EE5FA72A441AB3005CB326 /* DeleteButton.swift */; };
		B2EE5FAA2A44392C005CB326 /* ImportanceView.swift in Sources */ = {isa = PBXBuildFile; fileRef = B2EE5FA92A44392C005CB326 /* ImportanceView.swift */; };
		B2EE5FAC2A44393C005CB326 /* DeadlineView.swift in Sources */ = {isa = PBXBuildFile; fileRef = B2EE5FAB2A44393C005CB326 /* DeadlineView.swift */; };
		B2EE5FAE2A443946005CB326 /* CalendarView.swift in Sources */ = {isa = PBXBuildFile; fileRef = B2EE5FAD2A443946005CB326 /* CalendarView.swift */; };
		B2EE5FB72A443B0B005CB326 /* OptionsView.swift in Sources */ = {isa = PBXBuildFile; fileRef = B2EE5FB62A443B0B005CB326 /* OptionsView.swift */; };
		B2EE5FBD2A443E13005CB326 /* SeparatorView.swift in Sources */ = {isa = PBXBuildFile; fileRef = B2EE5FBC2A443E13005CB326 /* SeparatorView.swift */; };
		B2EE5FBF2A444A82005CB326 /* ImportanceControl.swift in Sources */ = {isa = PBXBuildFile; fileRef = B2EE5FBE2A444A82005CB326 /* ImportanceControl.swift */; };
		B2EE5FC12A44BC1F005CB326 /* YandexImage.swift in Sources */ = {isa = PBXBuildFile; fileRef = B2EE5FC02A44BC1F005CB326 /* YandexImage.swift */; };
/* End PBXBuildFile section */

/* Begin PBXContainerItemProxy section */
		B22CC5E52A3CF9D5009B259C /* PBXContainerItemProxy */ = {
			isa = PBXContainerItemProxy;
			containerPortal = B22CC5C62A3CF9D0009B259C /* Project object */;
			proxyType = 1;
			remoteGlobalIDString = B22CC5CD2A3CF9D0009B259C;
			remoteInfo = ToDoList;
		};
		B22CC5EF2A3CF9D5009B259C /* PBXContainerItemProxy */ = {
			isa = PBXContainerItemProxy;
			containerPortal = B22CC5C62A3CF9D0009B259C /* Project object */;
			proxyType = 1;
			remoteGlobalIDString = B22CC5CD2A3CF9D0009B259C;
			remoteInfo = ToDoList;
		};
/* End PBXContainerItemProxy section */

/* Begin PBXFileReference section */
		B22CC5CE2A3CF9D0009B259C /* ToDoList.app */ = {isa = PBXFileReference; explicitFileType = wrapper.application; includeInIndex = 0; path = ToDoList.app; sourceTree = BUILT_PRODUCTS_DIR; };
		B22CC5D12A3CF9D0009B259C /* AppDelegate.swift */ = {isa = PBXFileReference; lastKnownFileType = sourcecode.swift; path = AppDelegate.swift; sourceTree = "<group>"; };
		B22CC5D32A3CF9D0009B259C /* SceneDelegate.swift */ = {isa = PBXFileReference; lastKnownFileType = sourcecode.swift; path = SceneDelegate.swift; sourceTree = "<group>"; };
		B22CC5D52A3CF9D0009B259C /* DetailsViewController.swift */ = {isa = PBXFileReference; lastKnownFileType = sourcecode.swift; path = DetailsViewController.swift; sourceTree = "<group>"; };
		B22CC5DA2A3CF9D4009B259C /* Assets.xcassets */ = {isa = PBXFileReference; lastKnownFileType = folder.assetcatalog; path = Assets.xcassets; sourceTree = "<group>"; };
		B22CC5DD2A3CF9D4009B259C /* Base */ = {isa = PBXFileReference; lastKnownFileType = file.storyboard; name = Base; path = Base.lproj/LaunchScreen.storyboard; sourceTree = "<group>"; };
		B22CC5DF2A3CF9D4009B259C /* Info.plist */ = {isa = PBXFileReference; lastKnownFileType = text.plist.xml; path = Info.plist; sourceTree = "<group>"; };
		B22CC5E42A3CF9D5009B259C /* ToDoListTests.xctest */ = {isa = PBXFileReference; explicitFileType = wrapper.cfbundle; includeInIndex = 0; path = ToDoListTests.xctest; sourceTree = BUILT_PRODUCTS_DIR; };
		B22CC5E82A3CF9D5009B259C /* ToDoListTests.swift */ = {isa = PBXFileReference; lastKnownFileType = sourcecode.swift; path = ToDoListTests.swift; sourceTree = "<group>"; };
		B22CC5EE2A3CF9D5009B259C /* ToDoListUITests.xctest */ = {isa = PBXFileReference; explicitFileType = wrapper.cfbundle; includeInIndex = 0; path = ToDoListUITests.xctest; sourceTree = BUILT_PRODUCTS_DIR; };
		B22CC5F22A3CF9D5009B259C /* ToDoListUITests.swift */ = {isa = PBXFileReference; lastKnownFileType = sourcecode.swift; path = ToDoListUITests.swift; sourceTree = "<group>"; };
		B22CC5F42A3CF9D5009B259C /* ToDoListUITestsLaunchTests.swift */ = {isa = PBXFileReference; lastKnownFileType = sourcecode.swift; path = ToDoListUITestsLaunchTests.swift; sourceTree = "<group>"; };
		B22CC6012A3CF9EA009B259C /* ToDoItem.swift */ = {isa = PBXFileReference; lastKnownFileType = sourcecode.swift; path = ToDoItem.swift; sourceTree = "<group>"; };
		B22CC6032A3CF9FA009B259C /* FileCache.swift */ = {isa = PBXFileReference; lastKnownFileType = sourcecode.swift; path = FileCache.swift; sourceTree = "<group>"; };
		B22CC6052A3CFA08009B259C /* Double+Ext.swift */ = {isa = PBXFileReference; lastKnownFileType = sourcecode.swift; path = "Double+Ext.swift"; sourceTree = "<group>"; };
		B22CC6072A3CFA12009B259C /* Date+Ext.swift */ = {isa = PBXFileReference; lastKnownFileType = sourcecode.swift; path = "Date+Ext.swift"; sourceTree = "<group>"; };
		B22CC6092A3CFA1F009B259C /* SystemError.swift */ = {isa = PBXFileReference; lastKnownFileType = sourcecode.swift; path = SystemError.swift; sourceTree = "<group>"; };
		B2EE5F942A4362B5005CB326 /* SF-Pro-Display-Regular.otf */ = {isa = PBXFileReference; lastKnownFileType = file; path = "SF-Pro-Display-Regular.otf"; sourceTree = "<group>"; };
		B2EE5F952A4362B5005CB326 /* SF-Pro-Text-Regular.otf */ = {isa = PBXFileReference; lastKnownFileType = file; path = "SF-Pro-Text-Regular.otf"; sourceTree = "<group>"; };
		B2EE5F9B2A4366F6005CB326 /* NoteTextView.swift */ = {isa = PBXFileReference; lastKnownFileType = sourcecode.swift; path = NoteTextView.swift; sourceTree = "<group>"; };
		B2EE5F9D2A436875005CB326 /* YandexFont.swift */ = {isa = PBXFileReference; lastKnownFileType = sourcecode.swift; path = YandexFont.swift; sourceTree = "<group>"; };
		B2EE5F9F2A436881005CB326 /* YandexColor.swift */ = {isa = PBXFileReference; lastKnownFileType = sourcecode.swift; path = YandexColor.swift; sourceTree = "<group>"; };
		B2EE5FA12A436CBC005CB326 /* UIFont+Ext.swift */ = {isa = PBXFileReference; lastKnownFileType = sourcecode.swift; path = "UIFont+Ext.swift"; sourceTree = "<group>"; };
		B2EE5FA72A441AB3005CB326 /* DeleteButton.swift */ = {isa = PBXFileReference; lastKnownFileType = sourcecode.swift; path = DeleteButton.swift; sourceTree = "<group>"; };
		B2EE5FA92A44392C005CB326 /* ImportanceView.swift */ = {isa = PBXFileReference; lastKnownFileType = sourcecode.swift; path = ImportanceView.swift; sourceTree = "<group>"; };
		B2EE5FAB2A44393C005CB326 /* DeadlineView.swift */ = {isa = PBXFileReference; lastKnownFileType = sourcecode.swift; path = DeadlineView.swift; sourceTree = "<group>"; };
		B2EE5FAD2A443946005CB326 /* CalendarView.swift */ = {isa = PBXFileReference; lastKnownFileType = sourcecode.swift; path = CalendarView.swift; sourceTree = "<group>"; };
		B2EE5FB62A443B0B005CB326 /* OptionsView.swift */ = {isa = PBXFileReference; lastKnownFileType = sourcecode.swift; path = OptionsView.swift; sourceTree = "<group>"; };
		B2EE5FBC2A443E13005CB326 /* SeparatorView.swift */ = {isa = PBXFileReference; lastKnownFileType = sourcecode.swift; path = SeparatorView.swift; sourceTree = "<group>"; };
		B2EE5FBE2A444A82005CB326 /* ImportanceControl.swift */ = {isa = PBXFileReference; lastKnownFileType = sourcecode.swift; path = ImportanceControl.swift; sourceTree = "<group>"; };
		B2EE5FC02A44BC1F005CB326 /* YandexImage.swift */ = {isa = PBXFileReference; lastKnownFileType = sourcecode.swift; path = YandexImage.swift; sourceTree = "<group>"; };
/* End PBXFileReference section */

/* Begin PBXFrameworksBuildPhase section */
		B22CC5CB2A3CF9D0009B259C /* Frameworks */ = {
			isa = PBXFrameworksBuildPhase;
			buildActionMask = 2147483647;
			files = (
			);
			runOnlyForDeploymentPostprocessing = 0;
		};
		B22CC5E12A3CF9D5009B259C /* Frameworks */ = {
			isa = PBXFrameworksBuildPhase;
			buildActionMask = 2147483647;
			files = (
			);
			runOnlyForDeploymentPostprocessing = 0;
		};
		B22CC5EB2A3CF9D5009B259C /* Frameworks */ = {
			isa = PBXFrameworksBuildPhase;
			buildActionMask = 2147483647;
			files = (
			);
			runOnlyForDeploymentPostprocessing = 0;
		};
/* End PBXFrameworksBuildPhase section */

/* Begin PBXGroup section */
		B22CC5C52A3CF9D0009B259C = {
			isa = PBXGroup;
			children = (
				B22CC5D02A3CF9D0009B259C /* ToDoList */,
				B22CC5E72A3CF9D5009B259C /* ToDoListTests */,
				B22CC5F12A3CF9D5009B259C /* ToDoListUITests */,
				B22CC5CF2A3CF9D0009B259C /* Products */,
			);
			sourceTree = "<group>";
		};
		B22CC5CF2A3CF9D0009B259C /* Products */ = {
			isa = PBXGroup;
			children = (
				B22CC5CE2A3CF9D0009B259C /* ToDoList.app */,
				B22CC5E42A3CF9D5009B259C /* ToDoListTests.xctest */,
				B22CC5EE2A3CF9D5009B259C /* ToDoListUITests.xctest */,
			);
			name = Products;
			sourceTree = "<group>";
		};
		B22CC5D02A3CF9D0009B259C /* ToDoList */ = {
			isa = PBXGroup;
			children = (
				B2EE5F8E2A435E55005CB326 /* Delegates */,
				B2EE5F8F2A435E71005CB326 /* Sources */,
				B2EE5F992A43669E005CB326 /* YandexUI */,
				B2EE5F922A435FCB005CB326 /* Modules */,
				B2EE5F902A435E85005CB326 /* Extensions */,
				B2EE5F912A435E8E005CB326 /* Error */,
			);
			path = ToDoList;
			sourceTree = "<group>";
		};
		B22CC5E72A3CF9D5009B259C /* ToDoListTests */ = {
			isa = PBXGroup;
			children = (
				B22CC5E82A3CF9D5009B259C /* ToDoListTests.swift */,
			);
			path = ToDoListTests;
			sourceTree = "<group>";
		};
		B22CC5F12A3CF9D5009B259C /* ToDoListUITests */ = {
			isa = PBXGroup;
			children = (
				B22CC5F22A3CF9D5009B259C /* ToDoListUITests.swift */,
				B22CC5F42A3CF9D5009B259C /* ToDoListUITestsLaunchTests.swift */,
			);
			path = ToDoListUITests;
			sourceTree = "<group>";
		};
		B2EE5F8E2A435E55005CB326 /* Delegates */ = {
			isa = PBXGroup;
			children = (
				B22CC5D12A3CF9D0009B259C /* AppDelegate.swift */,
				B22CC5D32A3CF9D0009B259C /* SceneDelegate.swift */,
			);
			path = Delegates;
			sourceTree = "<group>";
		};
		B2EE5F8F2A435E71005CB326 /* Sources */ = {
			isa = PBXGroup;
			children = (
				B22CC5DA2A3CF9D4009B259C /* Assets.xcassets */,
				B22CC5DC2A3CF9D4009B259C /* LaunchScreen.storyboard */,
				B22CC5DF2A3CF9D4009B259C /* Info.plist */,
			);
			path = Sources;
			sourceTree = "<group>";
		};
		B2EE5F902A435E85005CB326 /* Extensions */ = {
			isa = PBXGroup;
			children = (
				B22CC6052A3CFA08009B259C /* Double+Ext.swift */,
				B22CC6072A3CFA12009B259C /* Date+Ext.swift */,
				B2EE5FA12A436CBC005CB326 /* UIFont+Ext.swift */,
			);
			path = Extensions;
			sourceTree = "<group>";
		};
		B2EE5F912A435E8E005CB326 /* Error */ = {
			isa = PBXGroup;
			children = (
				B22CC6092A3CFA1F009B259C /* SystemError.swift */,
			);
			path = Error;
			sourceTree = "<group>";
		};
		B2EE5F922A435FCB005CB326 /* Modules */ = {
			isa = PBXGroup;
			children = (
				B2EE5FA62A4419F1005CB326 /* Views */,
				B2EE5F982A4362E8005CB326 /* Details */,
				B22CC6012A3CF9EA009B259C /* ToDoItem.swift */,
				B22CC6032A3CF9FA009B259C /* FileCache.swift */,
			);
			path = Modules;
			sourceTree = "<group>";
		};
		B2EE5F932A4362B5005CB326 /* Fonts */ = {
			isa = PBXGroup;
			children = (
				B2EE5F942A4362B5005CB326 /* SF-Pro-Display-Regular.otf */,
				B2EE5F952A4362B5005CB326 /* SF-Pro-Text-Regular.otf */,
			);
			path = Fonts;
			sourceTree = "<group>";
		};
		B2EE5F982A4362E8005CB326 /* Details */ = {
			isa = PBXGroup;
			children = (
				B22CC5D52A3CF9D0009B259C /* DetailsViewController.swift */,
			);
			path = Details;
			sourceTree = "<group>";
		};
		B2EE5F992A43669E005CB326 /* YandexUI */ = {
			isa = PBXGroup;
			children = (
				B2EE5F932A4362B5005CB326 /* Fonts */,
				B2EE5F9D2A436875005CB326 /* YandexFont.swift */,
				B2EE5F9F2A436881005CB326 /* YandexColor.swift */,
				B2EE5FC02A44BC1F005CB326 /* YandexImage.swift */,
			);
			name = YandexUI;
			sourceTree = "<group>";
		};
		B2EE5FA62A4419F1005CB326 /* Views */ = {
			isa = PBXGroup;
			children = (
				B2EE5FB02A4439EA005CB326 /* Note */,
				B2EE5FBB2A443DF5005CB326 /* Separator */,
				B2EE5FB52A443AE7005CB326 /* Options */,
				B2EE5FAF2A4439DF005CB326 /* Importance */,
				B2EE5FB12A443A31005CB326 /* Deadline */,
				B2EE5FB32A443A40005CB326 /* Calendar */,
				B2EE5FB42A443A4E005CB326 /* Delete */,
			);
			path = Views;
			sourceTree = "<group>";
		};
		B2EE5FAF2A4439DF005CB326 /* Importance */ = {
			isa = PBXGroup;
			children = (
				B2EE5FA92A44392C005CB326 /* ImportanceView.swift */,
				B2EE5FBE2A444A82005CB326 /* ImportanceControl.swift */,
			);
			path = Importance;
			sourceTree = "<group>";
		};
		B2EE5FB02A4439EA005CB326 /* Note */ = {
			isa = PBXGroup;
			children = (
				B2EE5F9B2A4366F6005CB326 /* NoteTextView.swift */,
			);
			path = Note;
			sourceTree = "<group>";
		};
		B2EE5FB12A443A31005CB326 /* Deadline */ = {
			isa = PBXGroup;
			children = (
				B2EE5FAB2A44393C005CB326 /* DeadlineView.swift */,
			);
			path = Deadline;
			sourceTree = "<group>";
		};
		B2EE5FB32A443A40005CB326 /* Calendar */ = {
			isa = PBXGroup;
			children = (
				B2EE5FAD2A443946005CB326 /* CalendarView.swift */,
			);
			path = Calendar;
			sourceTree = "<group>";
		};
		B2EE5FB42A443A4E005CB326 /* Delete */ = {
			isa = PBXGroup;
			children = (
				B2EE5FA72A441AB3005CB326 /* DeleteButton.swift */,
			);
			path = Delete;
			sourceTree = "<group>";
		};
		B2EE5FB52A443AE7005CB326 /* Options */ = {
			isa = PBXGroup;
			children = (
				B2EE5FB62A443B0B005CB326 /* OptionsView.swift */,
			);
			path = Options;
			sourceTree = "<group>";
		};
		B2EE5FBB2A443DF5005CB326 /* Separator */ = {
			isa = PBXGroup;
			children = (
				B2EE5FBC2A443E13005CB326 /* SeparatorView.swift */,
			);
			path = Separator;
			sourceTree = "<group>";
		};
/* End PBXGroup section */

/* Begin PBXNativeTarget section */
		B22CC5CD2A3CF9D0009B259C /* ToDoList */ = {
			isa = PBXNativeTarget;
			buildConfigurationList = B22CC5F82A3CF9D5009B259C /* Build configuration list for PBXNativeTarget "ToDoList" */;
			buildPhases = (
				B22CC5CA2A3CF9D0009B259C /* Sources */,
				B22CC5CB2A3CF9D0009B259C /* Frameworks */,
				B22CC5CC2A3CF9D0009B259C /* Resources */,
			);
			buildRules = (
			);
			dependencies = (
			);
			name = ToDoList;
			productName = ToDoList;
			productReference = B22CC5CE2A3CF9D0009B259C /* ToDoList.app */;
			productType = "com.apple.product-type.application";
		};
		B22CC5E32A3CF9D5009B259C /* ToDoListTests */ = {
			isa = PBXNativeTarget;
			buildConfigurationList = B22CC5FB2A3CF9D5009B259C /* Build configuration list for PBXNativeTarget "ToDoListTests" */;
			buildPhases = (
				B22CC5E02A3CF9D5009B259C /* Sources */,
				B22CC5E12A3CF9D5009B259C /* Frameworks */,
				B22CC5E22A3CF9D5009B259C /* Resources */,
			);
			buildRules = (
			);
			dependencies = (
				B22CC5E62A3CF9D5009B259C /* PBXTargetDependency */,
			);
			name = ToDoListTests;
			productName = ToDoListTests;
			productReference = B22CC5E42A3CF9D5009B259C /* ToDoListTests.xctest */;
			productType = "com.apple.product-type.bundle.unit-test";
		};
		B22CC5ED2A3CF9D5009B259C /* ToDoListUITests */ = {
			isa = PBXNativeTarget;
			buildConfigurationList = B22CC5FE2A3CF9D5009B259C /* Build configuration list for PBXNativeTarget "ToDoListUITests" */;
			buildPhases = (
				B22CC5EA2A3CF9D5009B259C /* Sources */,
				B22CC5EB2A3CF9D5009B259C /* Frameworks */,
				B22CC5EC2A3CF9D5009B259C /* Resources */,
			);
			buildRules = (
			);
			dependencies = (
				B22CC5F02A3CF9D5009B259C /* PBXTargetDependency */,
			);
			name = ToDoListUITests;
			productName = ToDoListUITests;
			productReference = B22CC5EE2A3CF9D5009B259C /* ToDoListUITests.xctest */;
			productType = "com.apple.product-type.bundle.ui-testing";
		};
/* End PBXNativeTarget section */

/* Begin PBXProject section */
		B22CC5C62A3CF9D0009B259C /* Project object */ = {
			isa = PBXProject;
			attributes = {
				BuildIndependentTargetsInParallel = 1;
				LastSwiftUpdateCheck = 1430;
				LastUpgradeCheck = 1430;
				TargetAttributes = {
					B22CC5CD2A3CF9D0009B259C = {
						CreatedOnToolsVersion = 14.3.1;
					};
					B22CC5E32A3CF9D5009B259C = {
						CreatedOnToolsVersion = 14.3.1;
						TestTargetID = B22CC5CD2A3CF9D0009B259C;
					};
					B22CC5ED2A3CF9D5009B259C = {
						CreatedOnToolsVersion = 14.3.1;
						TestTargetID = B22CC5CD2A3CF9D0009B259C;
					};
				};
			};
			buildConfigurationList = B22CC5C92A3CF9D0009B259C /* Build configuration list for PBXProject "ToDoList" */;
			compatibilityVersion = "Xcode 14.0";
			developmentRegion = en;
			hasScannedForEncodings = 0;
			knownRegions = (
				en,
				Base,
			);
			mainGroup = B22CC5C52A3CF9D0009B259C;
			productRefGroup = B22CC5CF2A3CF9D0009B259C /* Products */;
			projectDirPath = "";
			projectRoot = "";
			targets = (
				B22CC5CD2A3CF9D0009B259C /* ToDoList */,
				B22CC5E32A3CF9D5009B259C /* ToDoListTests */,
				B22CC5ED2A3CF9D5009B259C /* ToDoListUITests */,
			);
		};
/* End PBXProject section */

/* Begin PBXResourcesBuildPhase section */
		B22CC5CC2A3CF9D0009B259C /* Resources */ = {
			isa = PBXResourcesBuildPhase;
			buildActionMask = 2147483647;
			files = (
				B22CC5DE2A3CF9D4009B259C /* LaunchScreen.storyboard in Resources */,
				B2EE5F962A4362B5005CB326 /* SF-Pro-Display-Regular.otf in Resources */,
				B2EE5F972A4362B5005CB326 /* SF-Pro-Text-Regular.otf in Resources */,
				B22CC5DB2A3CF9D4009B259C /* Assets.xcassets in Resources */,
			);
			runOnlyForDeploymentPostprocessing = 0;
		};
		B22CC5E22A3CF9D5009B259C /* Resources */ = {
			isa = PBXResourcesBuildPhase;
			buildActionMask = 2147483647;
			files = (
			);
			runOnlyForDeploymentPostprocessing = 0;
		};
		B22CC5EC2A3CF9D5009B259C /* Resources */ = {
			isa = PBXResourcesBuildPhase;
			buildActionMask = 2147483647;
			files = (
			);
			runOnlyForDeploymentPostprocessing = 0;
		};
/* End PBXResourcesBuildPhase section */

/* Begin PBXSourcesBuildPhase section */
		B22CC5CA2A3CF9D0009B259C /* Sources */ = {
			isa = PBXSourcesBuildPhase;
			buildActionMask = 2147483647;
			files = (
				B2EE5FA22A436CBC005CB326 /* UIFont+Ext.swift in Sources */,
				B22CC5D62A3CF9D0009B259C /* DetailsViewController.swift in Sources */,
				B2EE5FAE2A443946005CB326 /* CalendarView.swift in Sources */,
				B2EE5FBD2A443E13005CB326 /* SeparatorView.swift in Sources */,
				B22CC5D22A3CF9D0009B259C /* AppDelegate.swift in Sources */,
				B2EE5FA02A436881005CB326 /* YandexColor.swift in Sources */,
				B2EE5FAA2A44392C005CB326 /* ImportanceView.swift in Sources */,
				B2EE5FC12A44BC1F005CB326 /* YandexImage.swift in Sources */,
				B2EE5F9C2A4366F6005CB326 /* NoteTextView.swift in Sources */,
				B2EE5FAC2A44393C005CB326 /* DeadlineView.swift in Sources */,
				B22CC6062A3CFA08009B259C /* Double+Ext.swift in Sources */,
				B22CC60A2A3CFA1F009B259C /* SystemError.swift in Sources */,
				B2EE5F9E2A436875005CB326 /* YandexFont.swift in Sources */,
				B22CC6022A3CF9EA009B259C /* ToDoItem.swift in Sources */,
				B2EE5FA82A441AB3005CB326 /* DeleteButton.swift in Sources */,
				B22CC6042A3CF9FB009B259C /* FileCache.swift in Sources */,
				B2EE5FB72A443B0B005CB326 /* OptionsView.swift in Sources */,
				B2EE5FBF2A444A82005CB326 /* ImportanceControl.swift in Sources */,
				B22CC6082A3CFA12009B259C /* Date+Ext.swift in Sources */,
				B22CC5D42A3CF9D0009B259C /* SceneDelegate.swift in Sources */,
			);
			runOnlyForDeploymentPostprocessing = 0;
		};
		B22CC5E02A3CF9D5009B259C /* Sources */ = {
			isa = PBXSourcesBuildPhase;
			buildActionMask = 2147483647;
			files = (
				B22CC5E92A3CF9D5009B259C /* ToDoListTests.swift in Sources */,
			);
			runOnlyForDeploymentPostprocessing = 0;
		};
		B22CC5EA2A3CF9D5009B259C /* Sources */ = {
			isa = PBXSourcesBuildPhase;
			buildActionMask = 2147483647;
			files = (
				B22CC5F52A3CF9D5009B259C /* ToDoListUITestsLaunchTests.swift in Sources */,
				B22CC5F32A3CF9D5009B259C /* ToDoListUITests.swift in Sources */,
			);
			runOnlyForDeploymentPostprocessing = 0;
		};
/* End PBXSourcesBuildPhase section */

/* Begin PBXTargetDependency section */
		B22CC5E62A3CF9D5009B259C /* PBXTargetDependency */ = {
			isa = PBXTargetDependency;
			target = B22CC5CD2A3CF9D0009B259C /* ToDoList */;
			targetProxy = B22CC5E52A3CF9D5009B259C /* PBXContainerItemProxy */;
		};
		B22CC5F02A3CF9D5009B259C /* PBXTargetDependency */ = {
			isa = PBXTargetDependency;
			target = B22CC5CD2A3CF9D0009B259C /* ToDoList */;
			targetProxy = B22CC5EF2A3CF9D5009B259C /* PBXContainerItemProxy */;
		};
/* End PBXTargetDependency section */

/* Begin PBXVariantGroup section */
		B22CC5DC2A3CF9D4009B259C /* LaunchScreen.storyboard */ = {
			isa = PBXVariantGroup;
			children = (
				B22CC5DD2A3CF9D4009B259C /* Base */,
			);
			name = LaunchScreen.storyboard;
			sourceTree = "<group>";
		};
/* End PBXVariantGroup section */

/* Begin XCBuildConfiguration section */
		B22CC5F62A3CF9D5009B259C /* Debug */ = {
			isa = XCBuildConfiguration;
			buildSettings = {
				ALWAYS_SEARCH_USER_PATHS = NO;
				CLANG_ANALYZER_NONNULL = YES;
				CLANG_ANALYZER_NUMBER_OBJECT_CONVERSION = YES_AGGRESSIVE;
				CLANG_CXX_LANGUAGE_STANDARD = "gnu++20";
				CLANG_ENABLE_MODULES = YES;
				CLANG_ENABLE_OBJC_ARC = YES;
				CLANG_ENABLE_OBJC_WEAK = YES;
				CLANG_WARN_BLOCK_CAPTURE_AUTORELEASING = YES;
				CLANG_WARN_BOOL_CONVERSION = YES;
				CLANG_WARN_COMMA = YES;
				CLANG_WARN_CONSTANT_CONVERSION = YES;
				CLANG_WARN_DEPRECATED_OBJC_IMPLEMENTATIONS = YES;
				CLANG_WARN_DIRECT_OBJC_ISA_USAGE = YES_ERROR;
				CLANG_WARN_DOCUMENTATION_COMMENTS = YES;
				CLANG_WARN_EMPTY_BODY = YES;
				CLANG_WARN_ENUM_CONVERSION = YES;
				CLANG_WARN_INFINITE_RECURSION = YES;
				CLANG_WARN_INT_CONVERSION = YES;
				CLANG_WARN_NON_LITERAL_NULL_CONVERSION = YES;
				CLANG_WARN_OBJC_IMPLICIT_RETAIN_SELF = YES;
				CLANG_WARN_OBJC_LITERAL_CONVERSION = YES;
				CLANG_WARN_OBJC_ROOT_CLASS = YES_ERROR;
				CLANG_WARN_QUOTED_INCLUDE_IN_FRAMEWORK_HEADER = YES;
				CLANG_WARN_RANGE_LOOP_ANALYSIS = YES;
				CLANG_WARN_STRICT_PROTOTYPES = YES;
				CLANG_WARN_SUSPICIOUS_MOVE = YES;
				CLANG_WARN_UNGUARDED_AVAILABILITY = YES_AGGRESSIVE;
				CLANG_WARN_UNREACHABLE_CODE = YES;
				CLANG_WARN__DUPLICATE_METHOD_MATCH = YES;
				COPY_PHASE_STRIP = NO;
				DEBUG_INFORMATION_FORMAT = dwarf;
				ENABLE_STRICT_OBJC_MSGSEND = YES;
				ENABLE_TESTABILITY = YES;
				GCC_C_LANGUAGE_STANDARD = gnu11;
				GCC_DYNAMIC_NO_PIC = NO;
				GCC_NO_COMMON_BLOCKS = YES;
				GCC_OPTIMIZATION_LEVEL = 0;
				GCC_PREPROCESSOR_DEFINITIONS = (
					"DEBUG=1",
					"$(inherited)",
				);
				GCC_WARN_64_TO_32_BIT_CONVERSION = YES;
				GCC_WARN_ABOUT_RETURN_TYPE = YES_ERROR;
				GCC_WARN_UNDECLARED_SELECTOR = YES;
				GCC_WARN_UNINITIALIZED_AUTOS = YES_AGGRESSIVE;
				GCC_WARN_UNUSED_FUNCTION = YES;
				GCC_WARN_UNUSED_VARIABLE = YES;
				IPHONEOS_DEPLOYMENT_TARGET = 16.4;
				MTL_ENABLE_DEBUG_INFO = INCLUDE_SOURCE;
				MTL_FAST_MATH = YES;
				ONLY_ACTIVE_ARCH = YES;
				SDKROOT = iphoneos;
				SWIFT_ACTIVE_COMPILATION_CONDITIONS = DEBUG;
				SWIFT_OPTIMIZATION_LEVEL = "-Onone";
			};
			name = Debug;
		};
		B22CC5F72A3CF9D5009B259C /* Release */ = {
			isa = XCBuildConfiguration;
			buildSettings = {
				ALWAYS_SEARCH_USER_PATHS = NO;
				CLANG_ANALYZER_NONNULL = YES;
				CLANG_ANALYZER_NUMBER_OBJECT_CONVERSION = YES_AGGRESSIVE;
				CLANG_CXX_LANGUAGE_STANDARD = "gnu++20";
				CLANG_ENABLE_MODULES = YES;
				CLANG_ENABLE_OBJC_ARC = YES;
				CLANG_ENABLE_OBJC_WEAK = YES;
				CLANG_WARN_BLOCK_CAPTURE_AUTORELEASING = YES;
				CLANG_WARN_BOOL_CONVERSION = YES;
				CLANG_WARN_COMMA = YES;
				CLANG_WARN_CONSTANT_CONVERSION = YES;
				CLANG_WARN_DEPRECATED_OBJC_IMPLEMENTATIONS = YES;
				CLANG_WARN_DIRECT_OBJC_ISA_USAGE = YES_ERROR;
				CLANG_WARN_DOCUMENTATION_COMMENTS = YES;
				CLANG_WARN_EMPTY_BODY = YES;
				CLANG_WARN_ENUM_CONVERSION = YES;
				CLANG_WARN_INFINITE_RECURSION = YES;
				CLANG_WARN_INT_CONVERSION = YES;
				CLANG_WARN_NON_LITERAL_NULL_CONVERSION = YES;
				CLANG_WARN_OBJC_IMPLICIT_RETAIN_SELF = YES;
				CLANG_WARN_OBJC_LITERAL_CONVERSION = YES;
				CLANG_WARN_OBJC_ROOT_CLASS = YES_ERROR;
				CLANG_WARN_QUOTED_INCLUDE_IN_FRAMEWORK_HEADER = YES;
				CLANG_WARN_RANGE_LOOP_ANALYSIS = YES;
				CLANG_WARN_STRICT_PROTOTYPES = YES;
				CLANG_WARN_SUSPICIOUS_MOVE = YES;
				CLANG_WARN_UNGUARDED_AVAILABILITY = YES_AGGRESSIVE;
				CLANG_WARN_UNREACHABLE_CODE = YES;
				CLANG_WARN__DUPLICATE_METHOD_MATCH = YES;
				COPY_PHASE_STRIP = NO;
				DEBUG_INFORMATION_FORMAT = "dwarf-with-dsym";
				ENABLE_NS_ASSERTIONS = NO;
				ENABLE_STRICT_OBJC_MSGSEND = YES;
				GCC_C_LANGUAGE_STANDARD = gnu11;
				GCC_NO_COMMON_BLOCKS = YES;
				GCC_WARN_64_TO_32_BIT_CONVERSION = YES;
				GCC_WARN_ABOUT_RETURN_TYPE = YES_ERROR;
				GCC_WARN_UNDECLARED_SELECTOR = YES;
				GCC_WARN_UNINITIALIZED_AUTOS = YES_AGGRESSIVE;
				GCC_WARN_UNUSED_FUNCTION = YES;
				GCC_WARN_UNUSED_VARIABLE = YES;
				IPHONEOS_DEPLOYMENT_TARGET = 16.4;
				MTL_ENABLE_DEBUG_INFO = NO;
				MTL_FAST_MATH = YES;
				SDKROOT = iphoneos;
				SWIFT_COMPILATION_MODE = wholemodule;
				SWIFT_OPTIMIZATION_LEVEL = "-O";
				VALIDATE_PRODUCT = YES;
			};
			name = Release;
		};
		B22CC5F92A3CF9D5009B259C /* Debug */ = {
			isa = XCBuildConfiguration;
			buildSettings = {
				ASSETCATALOG_COMPILER_APPICON_NAME = AppIcon;
				ASSETCATALOG_COMPILER_GLOBAL_ACCENT_COLOR_NAME = AccentColor;
				CODE_SIGN_STYLE = Automatic;
				CURRENT_PROJECT_VERSION = 1;
				DEVELOPMENT_TEAM = APV84TNMCN;
				GENERATE_INFOPLIST_FILE = YES;
				INFOPLIST_FILE = ToDoList/Sources/Info.plist;
				INFOPLIST_KEY_UIApplicationSupportsIndirectInputEvents = YES;
				INFOPLIST_KEY_UILaunchStoryboardName = LaunchScreen;
				INFOPLIST_KEY_UISupportedInterfaceOrientations_iPad = "UIInterfaceOrientationPortrait UIInterfaceOrientationPortraitUpsideDown UIInterfaceOrientationLandscapeLeft UIInterfaceOrientationLandscapeRight";
				INFOPLIST_KEY_UISupportedInterfaceOrientations_iPhone = "UIInterfaceOrientationPortrait UIInterfaceOrientationLandscapeLeft UIInterfaceOrientationLandscapeRight";
				LD_RUNPATH_SEARCH_PATHS = (
					"$(inherited)",
					"@executable_path/Frameworks",
				);
				MARKETING_VERSION = 1.0;
				PRODUCT_BUNDLE_IDENTIFIER = com.bauyrzhanabdi.ToDoList;
				PRODUCT_NAME = "$(TARGET_NAME)";
				SWIFT_EMIT_LOC_STRINGS = YES;
				SWIFT_VERSION = 5.0;
				TARGETED_DEVICE_FAMILY = "1,2";
			};
			name = Debug;
		};
		B22CC5FA2A3CF9D5009B259C /* Release */ = {
			isa = XCBuildConfiguration;
			buildSettings = {
				ASSETCATALOG_COMPILER_APPICON_NAME = AppIcon;
				ASSETCATALOG_COMPILER_GLOBAL_ACCENT_COLOR_NAME = AccentColor;
				CODE_SIGN_STYLE = Automatic;
				CURRENT_PROJECT_VERSION = 1;
				DEVELOPMENT_TEAM = APV84TNMCN;
				GENERATE_INFOPLIST_FILE = YES;
				INFOPLIST_FILE = ToDoList/Sources/Info.plist;
				INFOPLIST_KEY_UIApplicationSupportsIndirectInputEvents = YES;
				INFOPLIST_KEY_UILaunchStoryboardName = LaunchScreen;
				INFOPLIST_KEY_UISupportedInterfaceOrientations_iPad = "UIInterfaceOrientationPortrait UIInterfaceOrientationPortraitUpsideDown UIInterfaceOrientationLandscapeLeft UIInterfaceOrientationLandscapeRight";
				INFOPLIST_KEY_UISupportedInterfaceOrientations_iPhone = "UIInterfaceOrientationPortrait UIInterfaceOrientationLandscapeLeft UIInterfaceOrientationLandscapeRight";
				LD_RUNPATH_SEARCH_PATHS = (
					"$(inherited)",
					"@executable_path/Frameworks",
				);
				MARKETING_VERSION = 1.0;
				PRODUCT_BUNDLE_IDENTIFIER = com.bauyrzhanabdi.ToDoList;
				PRODUCT_NAME = "$(TARGET_NAME)";
				SWIFT_EMIT_LOC_STRINGS = YES;
				SWIFT_VERSION = 5.0;
				TARGETED_DEVICE_FAMILY = "1,2";
			};
			name = Release;
		};
		B22CC5FC2A3CF9D5009B259C /* Debug */ = {
			isa = XCBuildConfiguration;
			buildSettings = {
				ALWAYS_EMBED_SWIFT_STANDARD_LIBRARIES = YES;
				BUNDLE_LOADER = "$(TEST_HOST)";
				CODE_SIGN_STYLE = Automatic;
				CURRENT_PROJECT_VERSION = 1;
				DEVELOPMENT_TEAM = APV84TNMCN;
				GENERATE_INFOPLIST_FILE = YES;
				IPHONEOS_DEPLOYMENT_TARGET = 16.4;
				MARKETING_VERSION = 1.0;
				PRODUCT_BUNDLE_IDENTIFIER = com.bauyrzhanabdi.ToDoListTests;
				PRODUCT_NAME = "$(TARGET_NAME)";
				SWIFT_EMIT_LOC_STRINGS = NO;
				SWIFT_VERSION = 5.0;
				TARGETED_DEVICE_FAMILY = "1,2";
				TEST_HOST = "$(BUILT_PRODUCTS_DIR)/ToDoList.app/$(BUNDLE_EXECUTABLE_FOLDER_PATH)/ToDoList";
			};
			name = Debug;
		};
		B22CC5FD2A3CF9D5009B259C /* Release */ = {
			isa = XCBuildConfiguration;
			buildSettings = {
				ALWAYS_EMBED_SWIFT_STANDARD_LIBRARIES = YES;
				BUNDLE_LOADER = "$(TEST_HOST)";
				CODE_SIGN_STYLE = Automatic;
				CURRENT_PROJECT_VERSION = 1;
				DEVELOPMENT_TEAM = APV84TNMCN;
				GENERATE_INFOPLIST_FILE = YES;
				IPHONEOS_DEPLOYMENT_TARGET = 16.4;
				MARKETING_VERSION = 1.0;
				PRODUCT_BUNDLE_IDENTIFIER = com.bauyrzhanabdi.ToDoListTests;
				PRODUCT_NAME = "$(TARGET_NAME)";
				SWIFT_EMIT_LOC_STRINGS = NO;
				SWIFT_VERSION = 5.0;
				TARGETED_DEVICE_FAMILY = "1,2";
				TEST_HOST = "$(BUILT_PRODUCTS_DIR)/ToDoList.app/$(BUNDLE_EXECUTABLE_FOLDER_PATH)/ToDoList";
			};
			name = Release;
		};
		B22CC5FF2A3CF9D5009B259C /* Debug */ = {
			isa = XCBuildConfiguration;
			buildSettings = {
				ALWAYS_EMBED_SWIFT_STANDARD_LIBRARIES = YES;
				CODE_SIGN_STYLE = Automatic;
				CURRENT_PROJECT_VERSION = 1;
				DEVELOPMENT_TEAM = APV84TNMCN;
				GENERATE_INFOPLIST_FILE = YES;
				MARKETING_VERSION = 1.0;
				PRODUCT_BUNDLE_IDENTIFIER = com.bauyrzhanabdi.ToDoListUITests;
				PRODUCT_NAME = "$(TARGET_NAME)";
				SWIFT_EMIT_LOC_STRINGS = NO;
				SWIFT_VERSION = 5.0;
				TARGETED_DEVICE_FAMILY = "1,2";
				TEST_TARGET_NAME = ToDoList;
			};
			name = Debug;
		};
		B22CC6002A3CF9D5009B259C /* Release */ = {
			isa = XCBuildConfiguration;
			buildSettings = {
				ALWAYS_EMBED_SWIFT_STANDARD_LIBRARIES = YES;
				CODE_SIGN_STYLE = Automatic;
				CURRENT_PROJECT_VERSION = 1;
				DEVELOPMENT_TEAM = APV84TNMCN;
				GENERATE_INFOPLIST_FILE = YES;
				MARKETING_VERSION = 1.0;
				PRODUCT_BUNDLE_IDENTIFIER = com.bauyrzhanabdi.ToDoListUITests;
				PRODUCT_NAME = "$(TARGET_NAME)";
				SWIFT_EMIT_LOC_STRINGS = NO;
				SWIFT_VERSION = 5.0;
				TARGETED_DEVICE_FAMILY = "1,2";
				TEST_TARGET_NAME = ToDoList;
			};
			name = Release;
		};
/* End XCBuildConfiguration section */

/* Begin XCConfigurationList section */
		B22CC5C92A3CF9D0009B259C /* Build configuration list for PBXProject "ToDoList" */ = {
			isa = XCConfigurationList;
			buildConfigurations = (
				B22CC5F62A3CF9D5009B259C /* Debug */,
				B22CC5F72A3CF9D5009B259C /* Release */,
			);
			defaultConfigurationIsVisible = 0;
			defaultConfigurationName = Release;
		};
		B22CC5F82A3CF9D5009B259C /* Build configuration list for PBXNativeTarget "ToDoList" */ = {
			isa = XCConfigurationList;
			buildConfigurations = (
				B22CC5F92A3CF9D5009B259C /* Debug */,
				B22CC5FA2A3CF9D5009B259C /* Release */,
			);
			defaultConfigurationIsVisible = 0;
			defaultConfigurationName = Release;
		};
		B22CC5FB2A3CF9D5009B259C /* Build configuration list for PBXNativeTarget "ToDoListTests" */ = {
			isa = XCConfigurationList;
			buildConfigurations = (
				B22CC5FC2A3CF9D5009B259C /* Debug */,
				B22CC5FD2A3CF9D5009B259C /* Release */,
			);
			defaultConfigurationIsVisible = 0;
			defaultConfigurationName = Release;
		};
		B22CC5FE2A3CF9D5009B259C /* Build configuration list for PBXNativeTarget "ToDoListUITests" */ = {
			isa = XCConfigurationList;
			buildConfigurations = (
				B22CC5FF2A3CF9D5009B259C /* Debug */,
				B22CC6002A3CF9D5009B259C /* Release */,
			);
			defaultConfigurationIsVisible = 0;
			defaultConfigurationName = Release;
		};
/* End XCConfigurationList section */
	};
	rootObject = B22CC5C62A3CF9D0009B259C /* Project object */;
}
